// !$*UTF8*$!
{
	archiveVersion = 1;
	classes = {
	};
	objectVersion = 55;
	objects = {

/* Begin PBXBuildFile section */
		E012798C28BF2407009916B6 /* manager.swift in Sources */ = {isa = PBXBuildFile; fileRef = E012798B28BF2407009916B6 /* manager.swift */; };
		E0151D2C28E1560A00F902A1 /* CalendarDate.swift in Sources */ = {isa = PBXBuildFile; fileRef = E0151D2B28E1560A00F902A1 /* CalendarDate.swift */; };
		E0151D2E28E175FC00F902A1 /* Task.swift in Sources */ = {isa = PBXBuildFile; fileRef = E0151D2D28E175FC00F902A1 /* Task.swift */; };
		E02D515928AF1E2400366D48 /* ManagerRating.swift in Sources */ = {isa = PBXBuildFile; fileRef = E02D515828AF1E2400366D48 /* ManagerRating.swift */; };
		E042210B28C0257E00869E67 /* ManagerViewModel.swift in Sources */ = {isa = PBXBuildFile; fileRef = E042210A28C0257E00869E67 /* ManagerViewModel.swift */; };
		E05CC4C928B48C4000DC4DBD /* ManagerView.swift in Sources */ = {isa = PBXBuildFile; fileRef = E05CC4C828B48C4000DC4DBD /* ManagerView.swift */; };
		E05CC4CB28B4A99000DC4DBD /* WriteRating.swift in Sources */ = {isa = PBXBuildFile; fileRef = E05CC4CA28B4A99000DC4DBD /* WriteRating.swift */; };
		E060DBBC28B5EA5700084DB1 /* starRating.swift in Sources */ = {isa = PBXBuildFile; fileRef = E060DBBB28B5EA5700084DB1 /* starRating.swift */; };
		E068E89028ADE17C00D7E69A /* DouBanDemoApp.swift in Sources */ = {isa = PBXBuildFile; fileRef = E068E88F28ADE17C00D7E69A /* DouBanDemoApp.swift */; };
		E068E89228ADE17C00D7E69A /* ContentView.swift in Sources */ = {isa = PBXBuildFile; fileRef = E068E89128ADE17C00D7E69A /* ContentView.swift */; };
		E068E89428ADE17D00D7E69A /* Assets.xcassets in Resources */ = {isa = PBXBuildFile; fileRef = E068E89328ADE17D00D7E69A /* Assets.xcassets */; };
		E068E89728ADE17D00D7E69A /* Preview Assets.xcassets in Resources */ = {isa = PBXBuildFile; fileRef = E068E89628ADE17D00D7E69A /* Preview Assets.xcassets */; };
		E068E89E28ADE1CD00D7E69A /* ManagerRatingList.swift in Sources */ = {isa = PBXBuildFile; fileRef = E068E89D28ADE1CD00D7E69A /* ManagerRatingList.swift */; };
		E080AC8028E1389500237BF5 /* TaskManagerView.swift in Sources */ = {isa = PBXBuildFile; fileRef = E080AC7F28E1389500237BF5 /* TaskManagerView.swift */; };
		E080AC8228E138B400237BF5 /* CalendarView.swift in Sources */ = {isa = PBXBuildFile; fileRef = E080AC8128E138B400237BF5 /* CalendarView.swift */; };
		E080AC8428E14E2C00237BF5 /* CalendarAddTaskView.swift in Sources */ = {isa = PBXBuildFile; fileRef = E080AC8328E14E2C00237BF5 /* CalendarAddTaskView.swift */; };
/* End PBXBuildFile section */

/* Begin PBXFileReference section */
		E012798B28BF2407009916B6 /* manager.swift */ = {isa = PBXFileReference; lastKnownFileType = sourcecode.swift; path = manager.swift; sourceTree = "<group>"; };
		E0151D2B28E1560A00F902A1 /* CalendarDate.swift */ = {isa = PBXFileReference; lastKnownFileType = sourcecode.swift; path = CalendarDate.swift; sourceTree = "<group>"; };
		E0151D2D28E175FC00F902A1 /* Task.swift */ = {isa = PBXFileReference; lastKnownFileType = sourcecode.swift; path = Task.swift; sourceTree = "<group>"; };
		E02D515828AF1E2400366D48 /* ManagerRating.swift */ = {isa = PBXFileReference; lastKnownFileType = sourcecode.swift; path = ManagerRating.swift; sourceTree = "<group>"; };
		E042210A28C0257E00869E67 /* ManagerViewModel.swift */ = {isa = PBXFileReference; lastKnownFileType = sourcecode.swift; path = ManagerViewModel.swift; sourceTree = "<group>"; };
		E05CC4C828B48C4000DC4DBD /* ManagerView.swift */ = {isa = PBXFileReference; lastKnownFileType = sourcecode.swift; path = ManagerView.swift; sourceTree = "<group>"; };
		E05CC4CA28B4A99000DC4DBD /* WriteRating.swift */ = {isa = PBXFileReference; lastKnownFileType = sourcecode.swift; path = WriteRating.swift; sourceTree = "<group>"; };
		E060DBBB28B5EA5700084DB1 /* starRating.swift */ = {isa = PBXFileReference; lastKnownFileType = sourcecode.swift; path = starRating.swift; sourceTree = "<group>"; };
		E068E88C28ADE17C00D7E69A /* DouBanDemo.app */ = {isa = PBXFileReference; explicitFileType = wrapper.application; includeInIndex = 0; path = DouBanDemo.app; sourceTree = BUILT_PRODUCTS_DIR; };
		E068E88F28ADE17C00D7E69A /* DouBanDemoApp.swift */ = {isa = PBXFileReference; lastKnownFileType = sourcecode.swift; path = DouBanDemoApp.swift; sourceTree = "<group>"; };
		E068E89128ADE17C00D7E69A /* ContentView.swift */ = {isa = PBXFileReference; lastKnownFileType = sourcecode.swift; path = ContentView.swift; sourceTree = "<group>"; };
		E068E89328ADE17D00D7E69A /* Assets.xcassets */ = {isa = PBXFileReference; lastKnownFileType = folder.assetcatalog; path = Assets.xcassets; sourceTree = "<group>"; };
		E068E89628ADE17D00D7E69A /* Preview Assets.xcassets */ = {isa = PBXFileReference; lastKnownFileType = folder.assetcatalog; path = "Preview Assets.xcassets"; sourceTree = "<group>"; };
		E068E89D28ADE1CD00D7E69A /* ManagerRatingList.swift */ = {isa = PBXFileReference; lastKnownFileType = sourcecode.swift; path = ManagerRatingList.swift; sourceTree = "<group>"; };
		E080AC7F28E1389500237BF5 /* TaskManagerView.swift */ = {isa = PBXFileReference; lastKnownFileType = sourcecode.swift; path = TaskManagerView.swift; sourceTree = "<group>"; };
		E080AC8128E138B400237BF5 /* CalendarView.swift */ = {isa = PBXFileReference; lastKnownFileType = sourcecode.swift; path = CalendarView.swift; sourceTree = "<group>"; };
		E080AC8328E14E2C00237BF5 /* CalendarAddTaskView.swift */ = {isa = PBXFileReference; lastKnownFileType = sourcecode.swift; path = CalendarAddTaskView.swift; sourceTree = "<group>"; };
/* End PBXFileReference section */

/* Begin PBXFrameworksBuildPhase section */
		E068E88928ADE17C00D7E69A /* Frameworks */ = {
			isa = PBXFrameworksBuildPhase;
			buildActionMask = 2147483647;
			files = (
			);
			runOnlyForDeploymentPostprocessing = 0;
		};
/* End PBXFrameworksBuildPhase section */

/* Begin PBXGroup section */
		E042210628C0247B00869E67 /* view */ = {
			isa = PBXGroup;
			children = (
				E068E89D28ADE1CD00D7E69A /* ManagerRatingList.swift */,
				E02D515828AF1E2400366D48 /* ManagerRating.swift */,
				E05CC4C828B48C4000DC4DBD /* ManagerView.swift */,
				E05CC4CA28B4A99000DC4DBD /* WriteRating.swift */,
				E060DBBB28B5EA5700084DB1 /* starRating.swift */,
				E080AC7F28E1389500237BF5 /* TaskManagerView.swift */,
				E080AC8128E138B400237BF5 /* CalendarView.swift */,
				E080AC8328E14E2C00237BF5 /* CalendarAddTaskView.swift */,
			);
			path = view;
			sourceTree = "<group>";
		};
		E042210728C0248700869E67 /* Model */ = {
			isa = PBXGroup;
			children = (
				E012798B28BF2407009916B6 /* manager.swift */,
				E0151D2B28E1560A00F902A1 /* CalendarDate.swift */,
				E0151D2D28E175FC00F902A1 /* Task.swift */,
			);
			path = Model;
			sourceTree = "<group>";
		};
		E042210828C024AF00869E67 /* ViewModel */ = {
			isa = PBXGroup;
			children = (
				E042210A28C0257E00869E67 /* ManagerViewModel.swift */,
			);
			path = ViewModel;
			sourceTree = "<group>";
		};
		E068E88328ADE17B00D7E69A = {
			isa = PBXGroup;
			children = (
				E068E88E28ADE17C00D7E69A /* DouBanDemo */,
				E068E88D28ADE17C00D7E69A /* Products */,
			);
			sourceTree = "<group>";
		};
		E068E88D28ADE17C00D7E69A /* Products */ = {
			isa = PBXGroup;
			children = (
				E068E88C28ADE17C00D7E69A /* DouBanDemo.app */,
			);
			name = Products;
			sourceTree = "<group>";
		};
		E068E88E28ADE17C00D7E69A /* DouBanDemo */ = {
			isa = PBXGroup;
			children = (
				E042210728C0248700869E67 /* Model */,
				E042210628C0247B00869E67 /* view */,
				E042210828C024AF00869E67 /* ViewModel */,
				E068E88F28ADE17C00D7E69A /* DouBanDemoApp.swift */,
				E068E89128ADE17C00D7E69A /* ContentView.swift */,
				E068E89328ADE17D00D7E69A /* Assets.xcassets */,
				E068E89528ADE17D00D7E69A /* Preview Content */,
			);
			path = DouBanDemo;
			sourceTree = "<group>";
		};
		E068E89528ADE17D00D7E69A /* Preview Content */ = {
			isa = PBXGroup;
			children = (
				E068E89628ADE17D00D7E69A /* Preview Assets.xcassets */,
			);
			path = "Preview Content";
			sourceTree = "<group>";
		};
/* End PBXGroup section */

/* Begin PBXNativeTarget section */
		E068E88B28ADE17C00D7E69A /* DouBanDemo */ = {
			isa = PBXNativeTarget;
			buildConfigurationList = E068E89A28ADE17D00D7E69A /* Build configuration list for PBXNativeTarget "DouBanDemo" */;
			buildPhases = (
				E068E88828ADE17C00D7E69A /* Sources */,
				E068E88928ADE17C00D7E69A /* Frameworks */,
				E068E88A28ADE17C00D7E69A /* Resources */,
			);
			buildRules = (
			);
			dependencies = (
			);
			name = DouBanDemo;
			productName = DouBanDemo;
			productReference = E068E88C28ADE17C00D7E69A /* DouBanDemo.app */;
			productType = "com.apple.product-type.application";
		};
/* End PBXNativeTarget section */

/* Begin PBXProject section */
		E068E88428ADE17B00D7E69A /* Project object */ = {
			isa = PBXProject;
			attributes = {
				BuildIndependentTargetsInParallel = 1;
				LastSwiftUpdateCheck = 1340;
				LastUpgradeCheck = 1340;
				TargetAttributes = {
					E068E88B28ADE17C00D7E69A = {
						CreatedOnToolsVersion = 13.4.1;
					};
				};
			};
			buildConfigurationList = E068E88728ADE17B00D7E69A /* Build configuration list for PBXProject "DouBanDemo" */;
			compatibilityVersion = "Xcode 13.0";
			developmentRegion = en;
			hasScannedForEncodings = 0;
			knownRegions = (
				en,
				Base,
			);
			mainGroup = E068E88328ADE17B00D7E69A;
			productRefGroup = E068E88D28ADE17C00D7E69A /* Products */;
			projectDirPath = "";
			projectRoot = "";
			targets = (
				E068E88B28ADE17C00D7E69A /* DouBanDemo */,
			);
		};
/* End PBXProject section */

/* Begin PBXResourcesBuildPhase section */
		E068E88A28ADE17C00D7E69A /* Resources */ = {
			isa = PBXResourcesBuildPhase;
			buildActionMask = 2147483647;
			files = (
				E068E89728ADE17D00D7E69A /* Preview Assets.xcassets in Resources */,
				E068E89428ADE17D00D7E69A /* Assets.xcassets in Resources */,
			);
			runOnlyForDeploymentPostprocessing = 0;
		};
/* End PBXResourcesBuildPhase section */

/* Begin PBXSourcesBuildPhase section */
		E068E88828ADE17C00D7E69A /* Sources */ = {
			isa = PBXSourcesBuildPhase;
			buildActionMask = 2147483647;
			files = (
				E068E89228ADE17C00D7E69A /* ContentView.swift in Sources */,
				E05CC4C928B48C4000DC4DBD /* ManagerView.swift in Sources */,
				E0151D2C28E1560A00F902A1 /* CalendarDate.swift in Sources */,
				E068E89028ADE17C00D7E69A /* DouBanDemoApp.swift in Sources */,
				E02D515928AF1E2400366D48 /* ManagerRating.swift in Sources */,
				E042210B28C0257E00869E67 /* ManagerViewModel.swift in Sources */,
				E080AC8428E14E2C00237BF5 /* CalendarAddTaskView.swift in Sources */,
				E080AC8028E1389500237BF5 /* TaskManagerView.swift in Sources */,
				E080AC8228E138B400237BF5 /* CalendarView.swift in Sources */,
				E05CC4CB28B4A99000DC4DBD /* WriteRating.swift in Sources */,
				E068E89E28ADE1CD00D7E69A /* ManagerRatingList.swift in Sources */,
				E012798C28BF2407009916B6 /* manager.swift in Sources */,
				E0151D2E28E175FC00F902A1 /* Task.swift in Sources */,
				E060DBBC28B5EA5700084DB1 /* starRating.swift in Sources */,
			);
			runOnlyForDeploymentPostprocessing = 0;
		};
/* End PBXSourcesBuildPhase section */

/* Begin XCBuildConfiguration section */
		E068E89828ADE17D00D7E69A /* Debug */ = {
			isa = XCBuildConfiguration;
			buildSettings = {
				ALWAYS_SEARCH_USER_PATHS = NO;
				CLANG_ANALYZER_NONNULL = YES;
				CLANG_ANALYZER_NUMBER_OBJECT_CONVERSION = YES_AGGRESSIVE;
				CLANG_CXX_LANGUAGE_STANDARD = "gnu++17";
				CLANG_ENABLE_MODULES = YES;
				CLANG_ENABLE_OBJC_ARC = YES;
				CLANG_ENABLE_OBJC_WEAK = YES;
				CLANG_WARN_BLOCK_CAPTURE_AUTORELEASING = YES;
				CLANG_WARN_BOOL_CONVERSION = YES;
				CLANG_WARN_COMMA = YES;
				CLANG_WARN_CONSTANT_CONVERSION = YES;
				CLANG_WARN_DEPRECATED_OBJC_IMPLEMENTATIONS = YES;
				CLANG_WARN_DIRECT_OBJC_ISA_USAGE = YES_ERROR;
				CLANG_WARN_DOCUMENTATION_COMMENTS = YES;
				CLANG_WARN_EMPTY_BODY = YES;
				CLANG_WARN_ENUM_CONVERSION = YES;
				CLANG_WARN_INFINITE_RECURSION = YES;
				CLANG_WARN_INT_CONVERSION = YES;
				CLANG_WARN_NON_LITERAL_NULL_CONVERSION = YES;
				CLANG_WARN_OBJC_IMPLICIT_RETAIN_SELF = YES;
				CLANG_WARN_OBJC_LITERAL_CONVERSION = YES;
				CLANG_WARN_OBJC_ROOT_CLASS = YES_ERROR;
				CLANG_WARN_QUOTED_INCLUDE_IN_FRAMEWORK_HEADER = YES;
				CLANG_WARN_RANGE_LOOP_ANALYSIS = YES;
				CLANG_WARN_STRICT_PROTOTYPES = YES;
				CLANG_WARN_SUSPICIOUS_MOVE = YES;
				CLANG_WARN_UNGUARDED_AVAILABILITY = YES_AGGRESSIVE;
				CLANG_WARN_UNREACHABLE_CODE = YES;
				CLANG_WARN__DUPLICATE_METHOD_MATCH = YES;
				COPY_PHASE_STRIP = NO;
				DEBUG_INFORMATION_FORMAT = dwarf;
				ENABLE_STRICT_OBJC_MSGSEND = YES;
				ENABLE_TESTABILITY = YES;
				GCC_C_LANGUAGE_STANDARD = gnu11;
				GCC_DYNAMIC_NO_PIC = NO;
				GCC_NO_COMMON_BLOCKS = YES;
				GCC_OPTIMIZATION_LEVEL = 0;
				GCC_PREPROCESSOR_DEFINITIONS = (
					"DEBUG=1",
					"$(inherited)",
				);
				GCC_WARN_64_TO_32_BIT_CONVERSION = YES;
				GCC_WARN_ABOUT_RETURN_TYPE = YES_ERROR;
				GCC_WARN_UNDECLARED_SELECTOR = YES;
				GCC_WARN_UNINITIALIZED_AUTOS = YES_AGGRESSIVE;
				GCC_WARN_UNUSED_FUNCTION = YES;
				GCC_WARN_UNUSED_VARIABLE = YES;
				IPHONEOS_DEPLOYMENT_TARGET = 15.5;
				MTL_ENABLE_DEBUG_INFO = INCLUDE_SOURCE;
				MTL_FAST_MATH = YES;
				ONLY_ACTIVE_ARCH = YES;
				SDKROOT = iphoneos;
				SWIFT_ACTIVE_COMPILATION_CONDITIONS = DEBUG;
				SWIFT_OPTIMIZATION_LEVEL = "-Onone";
			};
			name = Debug;
		};
		E068E89928ADE17D00D7E69A /* Release */ = {
			isa = XCBuildConfiguration;
			buildSettings = {
				ALWAYS_SEARCH_USER_PATHS = NO;
				CLANG_ANALYZER_NONNULL = YES;
				CLANG_ANALYZER_NUMBER_OBJECT_CONVERSION = YES_AGGRESSIVE;
				CLANG_CXX_LANGUAGE_STANDARD = "gnu++17";
				CLANG_ENABLE_MODULES = YES;
				CLANG_ENABLE_OBJC_ARC = YES;
				CLANG_ENABLE_OBJC_WEAK = YES;
				CLANG_WARN_BLOCK_CAPTURE_AUTORELEASING = YES;
				CLANG_WARN_BOOL_CONVERSION = YES;
				CLANG_WARN_COMMA = YES;
				CLANG_WARN_CONSTANT_CONVERSION = YES;
				CLANG_WARN_DEPRECATED_OBJC_IMPLEMENTATIONS = YES;
				CLANG_WARN_DIRECT_OBJC_ISA_USAGE = YES_ERROR;
				CLANG_WARN_DOCUMENTATION_COMMENTS = YES;
				CLANG_WARN_EMPTY_BODY = YES;
				CLANG_WARN_ENUM_CONVERSION = YES;
				CLANG_WARN_INFINITE_RECURSION = YES;
				CLANG_WARN_INT_CONVERSION = YES;
				CLANG_WARN_NON_LITERAL_NULL_CONVERSION = YES;
				CLANG_WARN_OBJC_IMPLICIT_RETAIN_SELF = YES;
				CLANG_WARN_OBJC_LITERAL_CONVERSION = YES;
				CLANG_WARN_OBJC_ROOT_CLASS = YES_ERROR;
				CLANG_WARN_QUOTED_INCLUDE_IN_FRAMEWORK_HEADER = YES;
				CLANG_WARN_RANGE_LOOP_ANALYSIS = YES;
				CLANG_WARN_STRICT_PROTOTYPES = YES;
				CLANG_WARN_SUSPICIOUS_MOVE = YES;
				CLANG_WARN_UNGUARDED_AVAILABILITY = YES_AGGRESSIVE;
				CLANG_WARN_UNREACHABLE_CODE = YES;
				CLANG_WARN__DUPLICATE_METHOD_MATCH = YES;
				COPY_PHASE_STRIP = NO;
				DEBUG_INFORMATION_FORMAT = "dwarf-with-dsym";
				ENABLE_NS_ASSERTIONS = NO;
				ENABLE_STRICT_OBJC_MSGSEND = YES;
				GCC_C_LANGUAGE_STANDARD = gnu11;
				GCC_NO_COMMON_BLOCKS = YES;
				GCC_WARN_64_TO_32_BIT_CONVERSION = YES;
				GCC_WARN_ABOUT_RETURN_TYPE = YES_ERROR;
				GCC_WARN_UNDECLARED_SELECTOR = YES;
				GCC_WARN_UNINITIALIZED_AUTOS = YES_AGGRESSIVE;
				GCC_WARN_UNUSED_FUNCTION = YES;
				GCC_WARN_UNUSED_VARIABLE = YES;
				IPHONEOS_DEPLOYMENT_TARGET = 15.5;
				MTL_ENABLE_DEBUG_INFO = NO;
				MTL_FAST_MATH = YES;
				SDKROOT = iphoneos;
				SWIFT_COMPILATION_MODE = wholemodule;
				SWIFT_OPTIMIZATION_LEVEL = "-O";
				VALIDATE_PRODUCT = YES;
			};
			name = Release;
		};
		E068E89B28ADE17D00D7E69A /* Debug */ = {
			isa = XCBuildConfiguration;
			buildSettings = {
				ASSETCATALOG_COMPILER_APPICON_NAME = AppIcon;
				ASSETCATALOG_COMPILER_GLOBAL_ACCENT_COLOR_NAME = AccentColor;
				CODE_SIGN_STYLE = Automatic;
				CURRENT_PROJECT_VERSION = 1;
				DEVELOPMENT_ASSET_PATHS = "\"DouBanDemo/Preview Content\"";
				ENABLE_PREVIEWS = YES;
				GENERATE_INFOPLIST_FILE = YES;
				INFOPLIST_KEY_UIApplicationSceneManifest_Generation = YES;
				INFOPLIST_KEY_UIApplicationSupportsIndirectInputEvents = YES;
				INFOPLIST_KEY_UILaunchScreen_Generation = YES;
				INFOPLIST_KEY_UISupportedInterfaceOrientations_iPad = "UIInterfaceOrientationPortrait UIInterfaceOrientationPortraitUpsideDown UIInterfaceOrientationLandscapeLeft UIInterfaceOrientationLandscapeRight";
				INFOPLIST_KEY_UISupportedInterfaceOrientations_iPhone = "UIInterfaceOrientationPortrait UIInterfaceOrientationLandscapeLeft UIInterfaceOrientationLandscapeRight";
				LD_RUNPATH_SEARCH_PATHS = (
					"$(inherited)",
					"@executable_path/Frameworks",
				);
				MARKETING_VERSION = 1.0;
				PRODUCT_BUNDLE_IDENTIFIER = Like.DouBanDemo;
				PRODUCT_NAME = "$(TARGET_NAME)";
				SWIFT_EMIT_LOC_STRINGS = YES;
				SWIFT_VERSION = 5.0;
				TARGETED_DEVICE_FAMILY = "1,2";
			};
			name = Debug;
		};
		E068E89C28ADE17D00D7E69A /* Release */ = {
			isa = XCBuildConfiguration;
			buildSettings = {
				ASSETCATALOG_COMPILER_APPICON_NAME = AppIcon;
				ASSETCATALOG_COMPILER_GLOBAL_ACCENT_COLOR_NAME = AccentColor;
				CODE_SIGN_STYLE = Automatic;
				CURRENT_PROJECT_VERSION = 1;
				DEVELOPMENT_ASSET_PATHS = "\"DouBanDemo/Preview Content\"";
				ENABLE_PREVIEWS = YES;
				GENERATE_INFOPLIST_FILE = YES;
				INFOPLIST_KEY_UIApplicationSceneManifest_Generation = YES;
				INFOPLIST_KEY_UIApplicationSupportsIndirectInputEvents = YES;
				INFOPLIST_KEY_UILaunchScreen_Generation = YES;
				INFOPLIST_KEY_UISupportedInterfaceOrientations_iPad = "UIInterfaceOrientationPortrait UIInterfaceOrientationPortraitUpsideDown UIInterfaceOrientationLandscapeLeft UIInterfaceOrientationLandscapeRight";
				INFOPLIST_KEY_UISupportedInterfaceOrientations_iPhone = "UIInterfaceOrientationPortrait UIInterfaceOrientationLandscapeLeft UIInterfaceOrientationLandscapeRight";
				LD_RUNPATH_SEARCH_PATHS = (
					"$(inherited)",
					"@executable_path/Frameworks",
				);
				MARKETING_VERSION = 1.0;
				PRODUCT_BUNDLE_IDENTIFIER = Like.DouBanDemo;
				PRODUCT_NAME = "$(TARGET_NAME)";
				SWIFT_EMIT_LOC_STRINGS = YES;
				SWIFT_VERSION = 5.0;
				TARGETED_DEVICE_FAMILY = "1,2";
			};
			name = Release;
		};
/* End XCBuildConfiguration section */

/* Begin XCConfigurationList section */
		E068E88728ADE17B00D7E69A /* Build configuration list for PBXProject "DouBanDemo" */ = {
			isa = XCConfigurationList;
			buildConfigurations = (
				E068E89828ADE17D00D7E69A /* Debug */,
				E068E89928ADE17D00D7E69A /* Release */,
			);
			defaultConfigurationIsVisible = 0;
			defaultConfigurationName = Release;
		};
		E068E89A28ADE17D00D7E69A /* Build configuration list for PBXNativeTarget "DouBanDemo" */ = {
			isa = XCConfigurationList;
			buildConfigurations = (
				E068E89B28ADE17D00D7E69A /* Debug */,
				E068E89C28ADE17D00D7E69A /* Release */,
			);
			defaultConfigurationIsVisible = 0;
			defaultConfigurationName = Release;
		};
/* End XCConfigurationList section */
	};
	rootObject = E068E88428ADE17B00D7E69A /* Project object */;
}
